
Microsoft Visual Studio Solution File, Format Version 12.00
# Visual Studio Version 17
VisualStudioVersion = 17.3.32804.467
MinimumVisualStudioVersion = 10.0.40219.1
Project("{9A19103F-16F7-4668-BE54-9A1E7A4F7556}") = "downgradeElf", "downgradeElf\downgradeElf.csproj", "{011BC068-0F7A-4229-9F76-909D1E3704A5}"
EndProject
Global
	GlobalSection(SolutionConfigurationPlatforms) = preSolution
		Debug|Any CPU = Debug|Any CPU
		Release|Any CPU = Release|Any CPU
	EndGlobalSection
	GlobalSection(ProjectConfigurationPlatforms) = postSolution
		{011BC068-0F7A-4229-9F76-909D1E3704A5}.Debug|Any CPU.ActiveCfg = Debug|Any CPU
		{011BC068-0F7A-4229-9F76-909D1E3704A5}.Debug|Any CPU.Build.0 = Debug|Any CPU
		{011BC068-0F7A-4229-9F76-909D1E3704A5}.Release|Any CPU.ActiveCfg = Release|Any CPU
		{011BC068-0F7A-4229-9F76-909D1E3704A5}.Release|Any CPU.Build.0 = Release|Any CPU
	EndGlobalSection
	GlobalSection(SolutionProperties) = preSolution
		HideSolutionNode = FALSE
	EndGlobalSection
	GlobalSection(ExtensibilityGlobals) = postSolution
		SolutionGuid = {0BEF5EAB-86DB-4A85-859C-1CF113823F01}
	EndGlobalSection
EndGlobal
